
Microsoft Visual Studio Solution File, Format Version 12.00
# Visual Studio Version 17
Project("{8BC9CEB8-8B4A-11D0-8D11-00A0C91BC942}") = "ALL_BUILD", "ALL_BUILD.vcxproj", "{3291D6A0-227E-34A2-B10D-1854E84BB6BC}"
	ProjectSection(ProjectDependencies) = postProject
		{A4642813-46DB-3872-AA16-809360586422} = {A4642813-46DB-3872-AA16-809360586422}
		{6EAF10BF-B390-388E-8C26-A0F47A1E9968} = {6EAF10BF-B390-388E-8C26-A0F47A1E9968}
	EndProjectSection
EndProject
Project("{8BC9CEB8-8B4A-11D0-8D11-00A0C91BC942}") = "ZERO_CHECK", "ZERO_CHECK.vcxproj", "{A4642813-46DB-3872-AA16-809360586422}"
	ProjectSection(ProjectDependencies) = postProject
	EndProjectSection
EndProject
Project("{8BC9CEB8-8B4A-11D0-8D11-00A0C91BC942}") = "safety_checker_test", "safety_checker_test.vcxproj", "{6EAF10BF-B390-388E-8C26-A0F47A1E9968}"
	ProjectSection(ProjectDependencies) = postProject
		{A4642813-46DB-3872-AA16-809360586422} = {A4642813-46DB-3872-AA16-809360586422}
	EndProjectSection
EndProject
Global
	GlobalSection(SolutionConfigurationPlatforms) = preSolution
		Debug|x64 = Debug|x64
		Release|x64 = Release|x64
		MinSizeRel|x64 = MinSizeRel|x64
		RelWithDebInfo|x64 = RelWithDebInfo|x64
	EndGlobalSection
	GlobalSection(ProjectConfigurationPlatforms) = postSolution
		{3291D6A0-227E-34A2-B10D-1854E84BB6BC}.Debug|x64.ActiveCfg = Debug|x64
		{3291D6A0-227E-34A2-B10D-1854E84BB6BC}.Release|x64.ActiveCfg = Release|x64
		{3291D6A0-227E-34A2-B10D-1854E84BB6BC}.MinSizeRel|x64.ActiveCfg = MinSizeRel|x64
		{3291D6A0-227E-34A2-B10D-1854E84BB6BC}.RelWithDebInfo|x64.ActiveCfg = RelWithDebInfo|x64
		{A4642813-46DB-3872-AA16-809360586422}.Debug|x64.ActiveCfg = Debug|x64
		{A4642813-46DB-3872-AA16-809360586422}.Debug|x64.Build.0 = Debug|x64
		{A4642813-46DB-3872-AA16-809360586422}.Release|x64.ActiveCfg = Release|x64
		{A4642813-46DB-3872-AA16-809360586422}.Release|x64.Build.0 = Release|x64
		{A4642813-46DB-3872-AA16-809360586422}.MinSizeRel|x64.ActiveCfg = MinSizeRel|x64
		{A4642813-46DB-3872-AA16-809360586422}.MinSizeRel|x64.Build.0 = MinSizeRel|x64
		{A4642813-46DB-3872-AA16-809360586422}.RelWithDebInfo|x64.ActiveCfg = RelWithDebInfo|x64
		{A4642813-46DB-3872-AA16-809360586422}.RelWithDebInfo|x64.Build.0 = RelWithDebInfo|x64
		{6EAF10BF-B390-388E-8C26-A0F47A1E9968}.Debug|x64.ActiveCfg = Debug|x64
		{6EAF10BF-B390-388E-8C26-A0F47A1E9968}.Debug|x64.Build.0 = Debug|x64
		{6EAF10BF-B390-388E-8C26-A0F47A1E9968}.Release|x64.ActiveCfg = Release|x64
		{6EAF10BF-B390-388E-8C26-A0F47A1E9968}.Release|x64.Build.0 = Release|x64
		{6EAF10BF-B390-388E-8C26-A0F47A1E9968}.MinSizeRel|x64.ActiveCfg = MinSizeRel|x64
		{6EAF10BF-B390-388E-8C26-A0F47A1E9968}.MinSizeRel|x64.Build.0 = MinSizeRel|x64
		{6EAF10BF-B390-388E-8C26-A0F47A1E9968}.RelWithDebInfo|x64.ActiveCfg = RelWithDebInfo|x64
		{6EAF10BF-B390-388E-8C26-A0F47A1E9968}.RelWithDebInfo|x64.Build.0 = RelWithDebInfo|x64
	EndGlobalSection
	GlobalSection(ExtensibilityGlobals) = postSolution
		SolutionGuid = {6B329498-8B38-3FA6-AAC2-16DCB45DD0E8}
	EndGlobalSection
	GlobalSection(ExtensibilityAddIns) = postSolution
	EndGlobalSection
EndGlobal
